// !$*UTF8*$!
{
	archiveVersion = 1;
	classes = {
	};
	objectVersion = 56;
	objects = {

/* Begin PBXBuildFile section */
		2656108AB9B591BAE807BB0D /* Pods_Corona19.framework in Frameworks */ = {isa = PBXBuildFile; fileRef = DD052BA38713CC1FC45AFD9F /* Pods_Corona19.framework */; };
		5939317F2A176F5F00A8D528 /* AppDelegate.swift in Sources */ = {isa = PBXBuildFile; fileRef = 5939317E2A176F5F00A8D528 /* AppDelegate.swift */; };
		593931812A176F5F00A8D528 /* SceneDelegate.swift in Sources */ = {isa = PBXBuildFile; fileRef = 593931802A176F5F00A8D528 /* SceneDelegate.swift */; };
		593931832A176F5F00A8D528 /* ViewController.swift in Sources */ = {isa = PBXBuildFile; fileRef = 593931822A176F5F00A8D528 /* ViewController.swift */; };
		593931862A176F5F00A8D528 /* Main.storyboard in Resources */ = {isa = PBXBuildFile; fileRef = 593931842A176F5F00A8D528 /* Main.storyboard */; };
		593931892A176F5F00A8D528 /* Corona19.xcdatamodeld in Sources */ = {isa = PBXBuildFile; fileRef = 593931872A176F5F00A8D528 /* Corona19.xcdatamodeld */; };
		5939318B2A176F6000A8D528 /* Assets.xcassets in Resources */ = {isa = PBXBuildFile; fileRef = 5939318A2A176F6000A8D528 /* Assets.xcassets */; };
		5939318E2A176F6000A8D528 /* LaunchScreen.storyboard in Resources */ = {isa = PBXBuildFile; fileRef = 5939318C2A176F6000A8D528 /* LaunchScreen.storyboard */; };
		593931962A1B5AA400A8D528 /* CovidDetailViewController.swift in Sources */ = {isa = PBXBuildFile; fileRef = 593931952A1B5AA400A8D528 /* CovidDetailViewController.swift */; };
		593931982A1B5D6900A8D528 /* CityCovidOverView.swift in Sources */ = {isa = PBXBuildFile; fileRef = 593931972A1B5D6900A8D528 /* CityCovidOverView.swift */; };
/* End PBXBuildFile section */

/* Begin PBXFileReference section */
		2549A1B91DAC37C9B00F19B5 /* Pods-Corona19.release.xcconfig */ = {isa = PBXFileReference; includeInIndex = 1; lastKnownFileType = text.xcconfig; name = "Pods-Corona19.release.xcconfig"; path = "Target Support Files/Pods-Corona19/Pods-Corona19.release.xcconfig"; sourceTree = "<group>"; };
		3CC818ADAC085B1CE8ADFE7D /* Pods-Corona19.debug.xcconfig */ = {isa = PBXFileReference; includeInIndex = 1; lastKnownFileType = text.xcconfig; name = "Pods-Corona19.debug.xcconfig"; path = "Target Support Files/Pods-Corona19/Pods-Corona19.debug.xcconfig"; sourceTree = "<group>"; };
		5939317B2A176F5F00A8D528 /* Corona19.app */ = {isa = PBXFileReference; explicitFileType = wrapper.application; includeInIndex = 0; path = Corona19.app; sourceTree = BUILT_PRODUCTS_DIR; };
		5939317E2A176F5F00A8D528 /* AppDelegate.swift */ = {isa = PBXFileReference; lastKnownFileType = sourcecode.swift; path = AppDelegate.swift; sourceTree = "<group>"; };
		593931802A176F5F00A8D528 /* SceneDelegate.swift */ = {isa = PBXFileReference; lastKnownFileType = sourcecode.swift; path = SceneDelegate.swift; sourceTree = "<group>"; };
		593931822A176F5F00A8D528 /* ViewController.swift */ = {isa = PBXFileReference; lastKnownFileType = sourcecode.swift; path = ViewController.swift; sourceTree = "<group>"; };
		593931852A176F5F00A8D528 /* Base */ = {isa = PBXFileReference; lastKnownFileType = file.storyboard; name = Base; path = Base.lproj/Main.storyboard; sourceTree = "<group>"; };
		593931882A176F5F00A8D528 /* Corona19.xcdatamodel */ = {isa = PBXFileReference; lastKnownFileType = wrapper.xcdatamodel; path = Corona19.xcdatamodel; sourceTree = "<group>"; };
		5939318A2A176F6000A8D528 /* Assets.xcassets */ = {isa = PBXFileReference; lastKnownFileType = folder.assetcatalog; path = Assets.xcassets; sourceTree = "<group>"; };
		5939318D2A176F6000A8D528 /* Base */ = {isa = PBXFileReference; lastKnownFileType = file.storyboard; name = Base; path = Base.lproj/LaunchScreen.storyboard; sourceTree = "<group>"; };
		5939318F2A176F6000A8D528 /* Info.plist */ = {isa = PBXFileReference; lastKnownFileType = text.plist.xml; path = Info.plist; sourceTree = "<group>"; };
		593931952A1B5AA400A8D528 /* CovidDetailViewController.swift */ = {isa = PBXFileReference; lastKnownFileType = sourcecode.swift; path = CovidDetailViewController.swift; sourceTree = "<group>"; };
		593931972A1B5D6900A8D528 /* CityCovidOverView.swift */ = {isa = PBXFileReference; lastKnownFileType = sourcecode.swift; path = CityCovidOverView.swift; sourceTree = "<group>"; };
		DD052BA38713CC1FC45AFD9F /* Pods_Corona19.framework */ = {isa = PBXFileReference; explicitFileType = wrapper.framework; includeInIndex = 0; path = Pods_Corona19.framework; sourceTree = BUILT_PRODUCTS_DIR; };
/* End PBXFileReference section */

/* Begin PBXFrameworksBuildPhase section */
		593931782A176F5F00A8D528 /* Frameworks */ = {
			isa = PBXFrameworksBuildPhase;
			buildActionMask = 2147483647;
			files = (
				2656108AB9B591BAE807BB0D /* Pods_Corona19.framework in Frameworks */,
			);
			runOnlyForDeploymentPostprocessing = 0;
		};
/* End PBXFrameworksBuildPhase section */

/* Begin PBXGroup section */
		244D625D54A6DA94D8820630 /* Pods */ = {
			isa = PBXGroup;
			children = (
				3CC818ADAC085B1CE8ADFE7D /* Pods-Corona19.debug.xcconfig */,
				2549A1B91DAC37C9B00F19B5 /* Pods-Corona19.release.xcconfig */,
			);
			path = Pods;
			sourceTree = "<group>";
		};
		593931722A176F5F00A8D528 = {
			isa = PBXGroup;
			children = (
				5939317D2A176F5F00A8D528 /* Corona19 */,
				5939317C2A176F5F00A8D528 /* Products */,
				244D625D54A6DA94D8820630 /* Pods */,
				D6DD097307F7CDD417DA8007 /* Frameworks */,
			);
			sourceTree = "<group>";
		};
		5939317C2A176F5F00A8D528 /* Products */ = {
			isa = PBXGroup;
			children = (
				5939317B2A176F5F00A8D528 /* Corona19.app */,
			);
			name = Products;
			sourceTree = "<group>";
		};
		5939317D2A176F5F00A8D528 /* Corona19 */ = {
			isa = PBXGroup;
			children = (
				5939317E2A176F5F00A8D528 /* AppDelegate.swift */,
				593931802A176F5F00A8D528 /* SceneDelegate.swift */,
				593931822A176F5F00A8D528 /* ViewController.swift */,
				593931842A176F5F00A8D528 /* Main.storyboard */,
				5939318A2A176F6000A8D528 /* Assets.xcassets */,
				5939318C2A176F6000A8D528 /* LaunchScreen.storyboard */,
				5939318F2A176F6000A8D528 /* Info.plist */,
				593931872A176F5F00A8D528 /* Corona19.xcdatamodeld */,
				593931952A1B5AA400A8D528 /* CovidDetailViewController.swift */,
				593931972A1B5D6900A8D528 /* CityCovidOverView.swift */,
			);
			path = Corona19;
			sourceTree = "<group>";
		};
		D6DD097307F7CDD417DA8007 /* Frameworks */ = {
			isa = PBXGroup;
			children = (
				DD052BA38713CC1FC45AFD9F /* Pods_Corona19.framework */,
			);
			name = Frameworks;
			sourceTree = "<group>";
		};
/* End PBXGroup section */

/* Begin PBXNativeTarget section */
		5939317A2A176F5F00A8D528 /* Corona19 */ = {
			isa = PBXNativeTarget;
			buildConfigurationList = 593931922A176F6000A8D528 /* Build configuration list for PBXNativeTarget "Corona19" */;
			buildPhases = (
				7D43F1876A0A23310CFDE9CC /* [CP] Check Pods Manifest.lock */,
				593931772A176F5F00A8D528 /* Sources */,
				593931782A176F5F00A8D528 /* Frameworks */,
				593931792A176F5F00A8D528 /* Resources */,
				05E9D96E157CE08FE9C1FB9D /* [CP] Embed Pods Frameworks */,
			);
			buildRules = (
			);
			dependencies = (
			);
			name = Corona19;
			productName = Corona19;
			productReference = 5939317B2A176F5F00A8D528 /* Corona19.app */;
			productType = "com.apple.product-type.application";
		};
/* End PBXNativeTarget section */

/* Begin PBXProject section */
		593931732A176F5F00A8D528 /* Project object */ = {
			isa = PBXProject;
			attributes = {
				BuildIndependentTargetsInParallel = 1;
				LastSwiftUpdateCheck = 1420;
				LastUpgradeCheck = 1420;
				TargetAttributes = {
					5939317A2A176F5F00A8D528 = {
						CreatedOnToolsVersion = 14.2;
					};
				};
			};
			buildConfigurationList = 593931762A176F5F00A8D528 /* Build configuration list for PBXProject "Corona19" */;
			compatibilityVersion = "Xcode 14.0";
			developmentRegion = en;
			hasScannedForEncodings = 0;
			knownRegions = (
				en,
				Base,
			);
			mainGroup = 593931722A176F5F00A8D528;
			productRefGroup = 5939317C2A176F5F00A8D528 /* Products */;
			projectDirPath = "";
			projectRoot = "";
			targets = (
				5939317A2A176F5F00A8D528 /* Corona19 */,
			);
		};
/* End PBXProject section */

/* Begin PBXResourcesBuildPhase section */
		593931792A176F5F00A8D528 /* Resources */ = {
			isa = PBXResourcesBuildPhase;
			buildActionMask = 2147483647;
			files = (
				5939318E2A176F6000A8D528 /* LaunchScreen.storyboard in Resources */,
				5939318B2A176F6000A8D528 /* Assets.xcassets in Resources */,
				593931862A176F5F00A8D528 /* Main.storyboard in Resources */,
			);
			runOnlyForDeploymentPostprocessing = 0;
		};
/* End PBXResourcesBuildPhase section */

/* Begin PBXShellScriptBuildPhase section */
		05E9D96E157CE08FE9C1FB9D /* [CP] Embed Pods Frameworks */ = {
			isa = PBXShellScriptBuildPhase;
			buildActionMask = 2147483647;
			files = (
			);
			inputFileListPaths = (
				"${PODS_ROOT}/Target Support Files/Pods-Corona19/Pods-Corona19-frameworks-${CONFIGURATION}-input-files.xcfilelist",
			);
			name = "[CP] Embed Pods Frameworks";
			outputFileListPaths = (
				"${PODS_ROOT}/Target Support Files/Pods-Corona19/Pods-Corona19-frameworks-${CONFIGURATION}-output-files.xcfilelist",
			);
			runOnlyForDeploymentPostprocessing = 0;
			shellPath = /bin/sh;
			shellScript = "\"${PODS_ROOT}/Target Support Files/Pods-Corona19/Pods-Corona19-frameworks.sh\"\n";
			showEnvVarsInLog = 0;
		};
		7D43F1876A0A23310CFDE9CC /* [CP] Check Pods Manifest.lock */ = {
			isa = PBXShellScriptBuildPhase;
			buildActionMask = 2147483647;
			files = (
			);
			inputFileListPaths = (
			);
			inputPaths = (
				"${PODS_PODFILE_DIR_PATH}/Podfile.lock",
				"${PODS_ROOT}/Manifest.lock",
			);
			name = "[CP] Check Pods Manifest.lock";
			outputFileListPaths = (
			);
			outputPaths = (
				"$(DERIVED_FILE_DIR)/Pods-Corona19-checkManifestLockResult.txt",
			);
			runOnlyForDeploymentPostprocessing = 0;
			shellPath = /bin/sh;
			shellScript = "diff \"${PODS_PODFILE_DIR_PATH}/Podfile.lock\" \"${PODS_ROOT}/Manifest.lock\" > /dev/null\nif [ $? != 0 ] ; then\n    # print error to STDERR\n    echo \"error: The sandbox is not in sync with the Podfile.lock. Run 'pod install' or update your CocoaPods installation.\" >&2\n    exit 1\nfi\n# This output is used by Xcode 'outputs' to avoid re-running this script phase.\necho \"SUCCESS\" > \"${SCRIPT_OUTPUT_FILE_0}\"\n";
			showEnvVarsInLog = 0;
		};
/* End PBXShellScriptBuildPhase section */

/* Begin PBXSourcesBuildPhase section */
		593931772A176F5F00A8D528 /* Sources */ = {
			isa = PBXSourcesBuildPhase;
			buildActionMask = 2147483647;
			files = (
				593931832A176F5F00A8D528 /* ViewController.swift in Sources */,
				593931982A1B5D6900A8D528 /* CityCovidOverView.swift in Sources */,
				593931892A176F5F00A8D528 /* Corona19.xcdatamodeld in Sources */,
				593931962A1B5AA400A8D528 /* CovidDetailViewController.swift in Sources */,
				5939317F2A176F5F00A8D528 /* AppDelegate.swift in Sources */,
				593931812A176F5F00A8D528 /* SceneDelegate.swift in Sources */,
			);
			runOnlyForDeploymentPostprocessing = 0;
		};
/* End PBXSourcesBuildPhase section */

/* Begin PBXVariantGroup section */
		593931842A176F5F00A8D528 /* Main.storyboard */ = {
			isa = PBXVariantGroup;
			children = (
				593931852A176F5F00A8D528 /* Base */,
			);
			name = Main.storyboard;
			sourceTree = "<group>";
		};
		5939318C2A176F6000A8D528 /* LaunchScreen.storyboard */ = {
			isa = PBXVariantGroup;
			children = (
				5939318D2A176F6000A8D528 /* Base */,
			);
			name = LaunchScreen.storyboard;
			sourceTree = "<group>";
		};
/* End PBXVariantGroup section */

/* Begin XCBuildConfiguration section */
		593931902A176F6000A8D528 /* Debug */ = {
			isa = XCBuildConfiguration;
			buildSettings = {
				ALWAYS_SEARCH_USER_PATHS = NO;
				CLANG_ANALYZER_NONNULL = YES;
				CLANG_ANALYZER_NUMBER_OBJECT_CONVERSION = YES_AGGRESSIVE;
				CLANG_CXX_LANGUAGE_STANDARD = "gnu++20";
				CLANG_ENABLE_MODULES = YES;
				CLANG_ENABLE_OBJC_ARC = YES;
				CLANG_ENABLE_OBJC_WEAK = YES;
				CLANG_WARN_BLOCK_CAPTURE_AUTORELEASING = YES;
				CLANG_WARN_BOOL_CONVERSION = YES;
				CLANG_WARN_COMMA = YES;
				CLANG_WARN_CONSTANT_CONVERSION = YES;
				CLANG_WARN_DEPRECATED_OBJC_IMPLEMENTATIONS = YES;
				CLANG_WARN_DIRECT_OBJC_ISA_USAGE = YES_ERROR;
				CLANG_WARN_DOCUMENTATION_COMMENTS = YES;
				CLANG_WARN_EMPTY_BODY = YES;
				CLANG_WARN_ENUM_CONVERSION = YES;
				CLANG_WARN_INFINITE_RECURSION = YES;
				CLANG_WARN_INT_CONVERSION = YES;
				CLANG_WARN_NON_LITERAL_NULL_CONVERSION = YES;
				CLANG_WARN_OBJC_IMPLICIT_RETAIN_SELF = YES;
				CLANG_WARN_OBJC_LITERAL_CONVERSION = YES;
				CLANG_WARN_OBJC_ROOT_CLASS = YES_ERROR;
				CLANG_WARN_QUOTED_INCLUDE_IN_FRAMEWORK_HEADER = YES;
				CLANG_WARN_RANGE_LOOP_ANALYSIS = YES;
				CLANG_WARN_STRICT_PROTOTYPES = YES;
				CLANG_WARN_SUSPICIOUS_MOVE = YES;
				CLANG_WARN_UNGUARDED_AVAILABILITY = YES_AGGRESSIVE;
				CLANG_WARN_UNREACHABLE_CODE = YES;
				CLANG_WARN__DUPLICATE_METHOD_MATCH = YES;
				COPY_PHASE_STRIP = NO;
				DEBUG_INFORMATION_FORMAT = dwarf;
				ENABLE_STRICT_OBJC_MSGSEND = YES;
				ENABLE_TESTABILITY = YES;
				GCC_C_LANGUAGE_STANDARD = gnu11;
				GCC_DYNAMIC_NO_PIC = NO;
				GCC_NO_COMMON_BLOCKS = YES;
				GCC_OPTIMIZATION_LEVEL = 0;
				GCC_PREPROCESSOR_DEFINITIONS = (
					"DEBUG=1",
					"$(inherited)",
				);
				GCC_WARN_64_TO_32_BIT_CONVERSION = YES;
				GCC_WARN_ABOUT_RETURN_TYPE = YES_ERROR;
				GCC_WARN_UNDECLARED_SELECTOR = YES;
				GCC_WARN_UNINITIALIZED_AUTOS = YES_AGGRESSIVE;
				GCC_WARN_UNUSED_FUNCTION = YES;
				GCC_WARN_UNUSED_VARIABLE = YES;
				IPHONEOS_DEPLOYMENT_TARGET = 16.2;
				MTL_ENABLE_DEBUG_INFO = INCLUDE_SOURCE;
				MTL_FAST_MATH = YES;
				ONLY_ACTIVE_ARCH = YES;
				SDKROOT = iphoneos;
				SWIFT_ACTIVE_COMPILATION_CONDITIONS = DEBUG;
				SWIFT_OPTIMIZATION_LEVEL = "-Onone";
			};
			name = Debug;
		};
		593931912A176F6000A8D528 /* Release */ = {
			isa = XCBuildConfiguration;
			buildSettings = {
				ALWAYS_SEARCH_USER_PATHS = NO;
				CLANG_ANALYZER_NONNULL = YES;
				CLANG_ANALYZER_NUMBER_OBJECT_CONVERSION = YES_AGGRESSIVE;
				CLANG_CXX_LANGUAGE_STANDARD = "gnu++20";
				CLANG_ENABLE_MODULES = YES;
				CLANG_ENABLE_OBJC_ARC = YES;
				CLANG_ENABLE_OBJC_WEAK = YES;
				CLANG_WARN_BLOCK_CAPTURE_AUTORELEASING = YES;
				CLANG_WARN_BOOL_CONVERSION = YES;
				CLANG_WARN_COMMA = YES;
				CLANG_WARN_CONSTANT_CONVERSION = YES;
				CLANG_WARN_DEPRECATED_OBJC_IMPLEMENTATIONS = YES;
				CLANG_WARN_DIRECT_OBJC_ISA_USAGE = YES_ERROR;
				CLANG_WARN_DOCUMENTATION_COMMENTS = YES;
				CLANG_WARN_EMPTY_BODY = YES;
				CLANG_WARN_ENUM_CONVERSION = YES;
				CLANG_WARN_INFINITE_RECURSION = YES;
				CLANG_WARN_INT_CONVERSION = YES;
				CLANG_WARN_NON_LITERAL_NULL_CONVERSION = YES;
				CLANG_WARN_OBJC_IMPLICIT_RETAIN_SELF = YES;
				CLANG_WARN_OBJC_LITERAL_CONVERSION = YES;
				CLANG_WARN_OBJC_ROOT_CLASS = YES_ERROR;
				CLANG_WARN_QUOTED_INCLUDE_IN_FRAMEWORK_HEADER = YES;
				CLANG_WARN_RANGE_LOOP_ANALYSIS = YES;
				CLANG_WARN_STRICT_PROTOTYPES = YES;
				CLANG_WARN_SUSPICIOUS_MOVE = YES;
				CLANG_WARN_UNGUARDED_AVAILABILITY = YES_AGGRESSIVE;
				CLANG_WARN_UNREACHABLE_CODE = YES;
				CLANG_WARN__DUPLICATE_METHOD_MATCH = YES;
				COPY_PHASE_STRIP = NO;
				DEBUG_INFORMATION_FORMAT = "dwarf-with-dsym";
				ENABLE_NS_ASSERTIONS = NO;
				ENABLE_STRICT_OBJC_MSGSEND = YES;
				GCC_C_LANGUAGE_STANDARD = gnu11;
				GCC_NO_COMMON_BLOCKS = YES;
				GCC_WARN_64_TO_32_BIT_CONVERSION = YES;
				GCC_WARN_ABOUT_RETURN_TYPE = YES_ERROR;
				GCC_WARN_UNDECLARED_SELECTOR = YES;
				GCC_WARN_UNINITIALIZED_AUTOS = YES_AGGRESSIVE;
				GCC_WARN_UNUSED_FUNCTION = YES;
				GCC_WARN_UNUSED_VARIABLE = YES;
				IPHONEOS_DEPLOYMENT_TARGET = 16.2;
				MTL_ENABLE_DEBUG_INFO = NO;
				MTL_FAST_MATH = YES;
				SDKROOT = iphoneos;
				SWIFT_COMPILATION_MODE = wholemodule;
				SWIFT_OPTIMIZATION_LEVEL = "-O";
				VALIDATE_PRODUCT = YES;
			};
			name = Release;
		};
		593931932A176F6000A8D528 /* Debug */ = {
			isa = XCBuildConfiguration;
			baseConfigurationReference = 3CC818ADAC085B1CE8ADFE7D /* Pods-Corona19.debug.xcconfig */;
			buildSettings = {
				ASSETCATALOG_COMPILER_APPICON_NAME = AppIcon;
				ASSETCATALOG_COMPILER_GLOBAL_ACCENT_COLOR_NAME = AccentColor;
				CODE_SIGN_STYLE = Automatic;
				CURRENT_PROJECT_VERSION = 1;
				DEVELOPMENT_TEAM = X73WTK25N3;
				GENERATE_INFOPLIST_FILE = YES;
				INFOPLIST_FILE = Corona19/Info.plist;
				INFOPLIST_KEY_UIApplicationSupportsIndirectInputEvents = YES;
				INFOPLIST_KEY_UILaunchStoryboardName = LaunchScreen;
				INFOPLIST_KEY_UIMainStoryboardFile = Main;
				INFOPLIST_KEY_UISupportedInterfaceOrientations_iPad = "UIInterfaceOrientationPortrait UIInterfaceOrientationPortraitUpsideDown UIInterfaceOrientationLandscapeLeft UIInterfaceOrientationLandscapeRight";
				INFOPLIST_KEY_UISupportedInterfaceOrientations_iPhone = "UIInterfaceOrientationPortrait UIInterfaceOrientationLandscapeLeft UIInterfaceOrientationLandscapeRight";
				LD_RUNPATH_SEARCH_PATHS = (
					"$(inherited)",
					"@executable_path/Frameworks",
				);
				MARKETING_VERSION = 1.0;
				PRODUCT_BUNDLE_IDENTIFIER = jinunzzan.kec.Corona19;
				PRODUCT_NAME = "$(TARGET_NAME)";
				SWIFT_EMIT_LOC_STRINGS = YES;
				SWIFT_VERSION = 5.0;
				TARGETED_DEVICE_FAMILY = "1,2";
			};
			name = Debug;
		};
		593931942A176F6000A8D528 /* Release */ = {
			isa = XCBuildConfiguration;
			baseConfigurationReference = 2549A1B91DAC37C9B00F19B5 /* Pods-Corona19.release.xcconfig */;
			buildSettings = {
				ASSETCATALOG_COMPILER_APPICON_NAME = AppIcon;
				ASSETCATALOG_COMPILER_GLOBAL_ACCENT_COLOR_NAME = AccentColor;
				CODE_SIGN_STYLE = Automatic;
				CURRENT_PROJECT_VERSION = 1;
				DEVELOPMENT_TEAM = X73WTK25N3;
				GENERATE_INFOPLIST_FILE = YES;
				INFOPLIST_FILE = Corona19/Info.plist;
				INFOPLIST_KEY_UIApplicationSupportsIndirectInputEvents = YES;
				INFOPLIST_KEY_UILaunchStoryboardName = LaunchScreen;
				INFOPLIST_KEY_UIMainStoryboardFile = Main;
				INFOPLIST_KEY_UISupportedInterfaceOrientations_iPad = "UIInterfaceOrientationPortrait UIInterfaceOrientationPortraitUpsideDown UIInterfaceOrientationLandscapeLeft UIInterfaceOrientationLandscapeRight";
				INFOPLIST_KEY_UISupportedInterfaceOrientations_iPhone = "UIInterfaceOrientationPortrait UIInterfaceOrientationLandscapeLeft UIInterfaceOrientationLandscapeRight";
				LD_RUNPATH_SEARCH_PATHS = (
					"$(inherited)",
					"@executable_path/Frameworks",
				);
				MARKETING_VERSION = 1.0;
				PRODUCT_BUNDLE_IDENTIFIER = jinunzzan.kec.Corona19;
				PRODUCT_NAME = "$(TARGET_NAME)";
				SWIFT_EMIT_LOC_STRINGS = YES;
				SWIFT_VERSION = 5.0;
				TARGETED_DEVICE_FAMILY = "1,2";
			};
			name = Release;
		};
/* End XCBuildConfiguration section */

/* Begin XCConfigurationList section */
		593931762A176F5F00A8D528 /* Build configuration list for PBXProject "Corona19" */ = {
			isa = XCConfigurationList;
			buildConfigurations = (
				593931902A176F6000A8D528 /* Debug */,
				593931912A176F6000A8D528 /* Release */,
			);
			defaultConfigurationIsVisible = 0;
			defaultConfigurationName = Release;
		};
		593931922A176F6000A8D528 /* Build configuration list for PBXNativeTarget "Corona19" */ = {
			isa = XCConfigurationList;
			buildConfigurations = (
				593931932A176F6000A8D528 /* Debug */,
				593931942A176F6000A8D528 /* Release */,
			);
			defaultConfigurationIsVisible = 0;
			defaultConfigurationName = Release;
		};
/* End XCConfigurationList section */

/* Begin XCVersionGroup section */
		593931872A176F5F00A8D528 /* Corona19.xcdatamodeld */ = {
			isa = XCVersionGroup;
			children = (
				593931882A176F5F00A8D528 /* Corona19.xcdatamodel */,
			);
			currentVersion = 593931882A176F5F00A8D528 /* Corona19.xcdatamodel */;
			path = Corona19.xcdatamodeld;
			sourceTree = "<group>";
			versionGroupType = wrapper.xcdatamodel;
		};
/* End XCVersionGroup section */
	};
	rootObject = 593931732A176F5F00A8D528 /* Project object */;
}
